// !$*UTF8*$!
{
	archiveVersion = 1;
	classes = {
	};
	objectVersion = 60;
	objects = {

/* Begin PBXBuildFile section */
		4C5657D11454819C7BD6CEA9 /* iOSBuildManagerApp.swift in Sources */ = {isa = PBXBuildFile; fileRef = FD59264296E7E162486B3F43 /* iOSBuildManagerApp.swift */; };
		212946B5E0F50666F5B233E4 /* Assets.xcassets in Resources */ = {isa = PBXBuildFile; fileRef = 75BF13ED91CA0F736C14DA83 /* Assets.xcassets */; };
		0E8D0B2C2B0086265C7F8F11 /* AppModel.swift in Sources */ = {isa = PBXBuildFile; fileRef = 8F3D4C0BFECB4B77E08A7345 /* AppModel.swift */; };
		9ED19A951152D7AEC18A4FFD /* AppVersion.swift in Sources */ = {isa = PBXBuildFile; fileRef = 14D59F0E2131F76466143DB6 /* AppVersion.swift */; };
		CEE50AC401C510874B1D7EAF /* BuildRecord.swift in Sources */ = {isa = PBXBuildFile; fileRef = 26794A2671D54A555581BF94 /* BuildRecord.swift */; };
		D8CA8A246D161E36DDD391D2 /* BuildSettings.swift in Sources */ = {isa = PBXBuildFile; fileRef = DEDAD1E88E3437B315EED7B0 /* BuildSettings.swift */; };
		4F53EFCA8CD67E0B4A5E353F /* BuildStatus.swift in Sources */ = {isa = PBXBuildFile; fileRef = A30C0477C620721D392B8D95 /* BuildStatus.swift */; };
		A227283173A10388D3578DAE /* Project.swift in Sources */ = {isa = PBXBuildFile; fileRef = 304F14B46A3D74F102FBFCAB /* Project.swift */; };
		BF8F89170CEC2268DF5C7A40 /* SidebarSection.swift in Sources */ = {isa = PBXBuildFile; fileRef = 53764E473C677FDB8BBD4215 /* SidebarSection.swift */; };
		9E9C6B706840AC9FC9B10352 /* ProvisioningProfile.swift in Sources */ = {isa = PBXBuildFile; fileRef = B48BE54CA57D4CCCC8FCD3E5 /* ProvisioningProfile.swift */; };
		94B128569E772000B17E1287 /* SigningIdentity.swift in Sources */ = {isa = PBXBuildFile; fileRef = 0E6A9D397D702B334CEBA538 /* SigningIdentity.swift */; };
		DBECF167E4F2815E9217A8C0 /* SigningHealth.swift in Sources */ = {isa = PBXBuildFile; fileRef = 0CE24DD0449951FCA5D06E50 /* SigningHealth.swift */; };
		FB46284B26B55FC2A51CA244 /* BuildEngine.swift in Sources */ = {isa = PBXBuildFile; fileRef = 666B997F3C20C9E8474DFD40 /* BuildEngine.swift */; };
		A581E65C3CE000F1E9C92C21 /* BuildError.swift in Sources */ = {isa = PBXBuildFile; fileRef = F80D703D9D52AAF6DF4ECB78 /* BuildError.swift */; };
		2218BCBEB0DEE09505EB5694 /* BuildHistoryStore.swift in Sources */ = {isa = PBXBuildFile; fileRef = 796A3FDB54DF8B50F96E4F99 /* BuildHistoryStore.swift */; };
		235F7CE6FBFD5A4E55AA67E4 /* DeviceService.swift in Sources */ = {isa = PBXBuildFile; fileRef = 57ED8409E23A56A50C86A96E /* DeviceService.swift */; };
		2ABAC17016187FB50A2F5B05 /* FinderActions.swift in Sources */ = {isa = PBXBuildFile; fileRef = B84905A53F1CC4D029768043 /* FinderActions.swift */; };
		45CC51BF2E0CD660C3D9119A /* IPAPackager.swift in Sources */ = {isa = PBXBuildFile; fileRef = F031C06C4A0656EE71A81105 /* IPAPackager.swift */; };
		E7A6699FC06263FD49AFF161 /* Paths.swift in Sources */ = {isa = PBXBuildFile; fileRef = 50B0FD409E617D56B488C3AB /* Paths.swift */; };
		AE31A13FA882C30418F63F75 /* ProcessStreaming.swift in Sources */ = {isa = PBXBuildFile; fileRef = DA99CBCB0D28A7F0F85146FD /* ProcessStreaming.swift */; };
		532CDE6468552C4E8592B5AF /* ProjectStore.swift in Sources */ = {isa = PBXBuildFile; fileRef = E535699029678E548C43BEA4 /* ProjectStore.swift */; };
		82458393FEC274231C0643B4 /* SchedulerService.swift in Sources */ = {isa = PBXBuildFile; fileRef = 80E065391D406C09B582F222 /* SchedulerService.swift */; };
		6C9AD15BB8C869DD654ABB6D /* ScriptGenerator.swift in Sources */ = {isa = PBXBuildFile; fileRef = 579BC57736951170FA7F089A /* ScriptGenerator.swift */; };
		AB4F8EB3435A7E2898B428CF /* SettingsStore.swift in Sources */ = {isa = PBXBuildFile; fileRef = 15981D3F20EF4F633C89CC98 /* SettingsStore.swift */; };
		B0F0D88795C6BC5AEF66F59D /* ShellRunner.swift in Sources */ = {isa = PBXBuildFile; fileRef = C17B74D63EF104DE1283F1AC /* ShellRunner.swift */; };
		C10F33E6B7EAA663A5B60769 /* XcodeBuildService.swift in Sources */ = {isa = PBXBuildFile; fileRef = D23BB71FB90E99A48250A0D4 /* XcodeBuildService.swift */; };
		6448858237E34BF14312B1DB /* ProvisioningProfileService.swift in Sources */ = {isa = PBXBuildFile; fileRef = 78CA992061DBCA2A2068281D /* ProvisioningProfileService.swift */; };
		D0461C8EC5A7C51E9C257007 /* CertificateService.swift in Sources */ = {isa = PBXBuildFile; fileRef = 37161B634C376DF4C41725A8 /* CertificateService.swift */; };
		63F44F5A34D0A598C4CFF673 /* NotificationService.swift in Sources */ = {isa = PBXBuildFile; fileRef = 75032ED1017BFDAFF67E2D25 /* NotificationService.swift */; };
		7C04627AABF6E79191945884 /* Theme.swift in Sources */ = {isa = PBXBuildFile; fileRef = 7D7F002C65B9C5442DB50754 /* Theme.swift */; };
		156C6031EB87F4BFE0A9CD0F /* ContentView.swift in Sources */ = {isa = PBXBuildFile; fileRef = 642FB71F1585E4794A08494E /* ContentView.swift */; };
		B88531B31403C84617E9D9E8 /* Sidebar.swift in Sources */ = {isa = PBXBuildFile; fileRef = 74FE988F7B833C05D15FF0B6 /* Sidebar.swift */; };
		89355CB891A54598611C9F68 /* MenuBarMenu.swift in Sources */ = {isa = PBXBuildFile; fileRef = 9E28527116B76AC782390E1B /* MenuBarMenu.swift */; };
		267B643A870D78E55A6FE876 /* GlassComponents.swift in Sources */ = {isa = PBXBuildFile; fileRef = 81D74FC7400EBFFC8283EA5D /* GlassComponents.swift */; };
		394EEDA48FE61163AC32C3D6 /* EmptyStateView.swift in Sources */ = {isa = PBXBuildFile; fileRef = CFC86475EE53154B6460BF7B /* EmptyStateView.swift */; };
		3AD5C0D72AF8C79B7E6EDA99 /* DashboardView.swift in Sources */ = {isa = PBXBuildFile; fileRef = 4431110C4613C8CBF7D4548C /* DashboardView.swift */; };
		760B23D8C24200410BDA61E0 /* BuildsView.swift in Sources */ = {isa = PBXBuildFile; fileRef = A480D963D2C678065335B080 /* BuildsView.swift */; };
		B39B75100B9C57EBAC34D134 /* DevicesView.swift in Sources */ = {isa = PBXBuildFile; fileRef = D78206536DE3EB1076FBAE86 /* DevicesView.swift */; };
		7C9B51C36EEDF839656F37CD /* ProfilesView.swift in Sources */ = {isa = PBXBuildFile; fileRef = A7EED992BD032BA00054DA23 /* ProfilesView.swift */; };
		1F79287543D0FF3660FBC2E4 /* CertificatesView.swift in Sources */ = {isa = PBXBuildFile; fileRef = 02049346D6018DDBAAD0C0F7 /* CertificatesView.swift */; };
		0FB1DB21397C398F33725D13 /* SettingsView.swift in Sources */ = {isa = PBXBuildFile; fileRef = E029D34EF26A28A095C7CD48 /* SettingsView.swift */; };
		F5D3CC98046E985FDA699BE6 /* LogsView.swift in Sources */ = {isa = PBXBuildFile; fileRef = 059627158BA319E785E128E6 /* LogsView.swift */; };
		0D4CE4F89D1E2363A0E29484 /* ParsingTests.swift in Sources */ = {isa = PBXBuildFile; fileRef = 3CE7A150D3B4D7D9959E68D7 /* ParsingTests.swift */; };
		3069A67AB1D6DA68FDFBB586 /* PackagingTests.swift in Sources */ = {isa = PBXBuildFile; fileRef = C5789B4715882632149836B6 /* PackagingTests.swift */; };
		A4F1A97B32DCF5FC9EC61CFF /* AppModelTests.swift in Sources */ = {isa = PBXBuildFile; fileRef = 273B7B1CB462B7CD1F66C55A /* AppModelTests.swift */; };
/* End PBXBuildFile section */

/* Begin PBXContainerItemProxy section */
		11809352A555BC659DD7F622 /* PBXContainerItemProxy */ = {
			isa = PBXContainerItemProxy;
			containerPortal = 98F54143AB4E86B28C3AFEE0 /* Project object */;
			proxyType = 1;
			remoteGlobalIDString = B8D79F0FFC4AB0F249EACD44;
			remoteInfo = iOSBuildManager;
		};
/* End PBXContainerItemProxy section */

/* Begin PBXFileReference section */
		FD59264296E7E162486B3F43 /* iOSBuildManagerApp.swift */ = {isa = PBXFileReference; lastKnownFileType = sourcecode.swift; path = "iOSBuildManagerApp.swift"; sourceTree = "<group>"; };
		75BF13ED91CA0F736C14DA83 /* Assets.xcassets */ = {isa = PBXFileReference; lastKnownFileType = folder.assetcatalog; path = "Assets.xcassets"; sourceTree = "<group>"; };
		8F3D4C0BFECB4B77E08A7345 /* AppModel.swift */ = {isa = PBXFileReference; lastKnownFileType = sourcecode.swift; path = "AppModel.swift"; sourceTree = "<group>"; };
		14D59F0E2131F76466143DB6 /* AppVersion.swift */ = {isa = PBXFileReference; lastKnownFileType = sourcecode.swift; path = "AppVersion.swift"; sourceTree = "<group>"; };
		26794A2671D54A555581BF94 /* BuildRecord.swift */ = {isa = PBXFileReference; lastKnownFileType = sourcecode.swift; path = "BuildRecord.swift"; sourceTree = "<group>"; };
		DEDAD1E88E3437B315EED7B0 /* BuildSettings.swift */ = {isa = PBXFileReference; lastKnownFileType = sourcecode.swift; path = "BuildSettings.swift"; sourceTree = "<group>"; };
		A30C0477C620721D392B8D95 /* BuildStatus.swift */ = {isa = PBXFileReference; lastKnownFileType = sourcecode.swift; path = "BuildStatus.swift"; sourceTree = "<group>"; };
		304F14B46A3D74F102FBFCAB /* Project.swift */ = {isa = PBXFileReference; lastKnownFileType = sourcecode.swift; path = "Project.swift"; sourceTree = "<group>"; };
		53764E473C677FDB8BBD4215 /* SidebarSection.swift */ = {isa = PBXFileReference; lastKnownFileType = sourcecode.swift; path = "SidebarSection.swift"; sourceTree = "<group>"; };
		B48BE54CA57D4CCCC8FCD3E5 /* ProvisioningProfile.swift */ = {isa = PBXFileReference; lastKnownFileType = sourcecode.swift; path = "ProvisioningProfile.swift"; sourceTree = "<group>"; };
		0E6A9D397D702B334CEBA538 /* SigningIdentity.swift */ = {isa = PBXFileReference; lastKnownFileType = sourcecode.swift; path = "SigningIdentity.swift"; sourceTree = "<group>"; };
		0CE24DD0449951FCA5D06E50 /* SigningHealth.swift */ = {isa = PBXFileReference; lastKnownFileType = sourcecode.swift; path = "SigningHealth.swift"; sourceTree = "<group>"; };
		666B997F3C20C9E8474DFD40 /* BuildEngine.swift */ = {isa = PBXFileReference; lastKnownFileType = sourcecode.swift; path = "BuildEngine.swift"; sourceTree = "<group>"; };
		F80D703D9D52AAF6DF4ECB78 /* BuildError.swift */ = {isa = PBXFileReference; lastKnownFileType = sourcecode.swift; path = "BuildError.swift"; sourceTree = "<group>"; };
		796A3FDB54DF8B50F96E4F99 /* BuildHistoryStore.swift */ = {isa = PBXFileReference; lastKnownFileType = sourcecode.swift; path = "BuildHistoryStore.swift"; sourceTree = "<group>"; };
		57ED8409E23A56A50C86A96E /* DeviceService.swift */ = {isa = PBXFileReference; lastKnownFileType = sourcecode.swift; path = "DeviceService.swift"; sourceTree = "<group>"; };
		B84905A53F1CC4D029768043 /* FinderActions.swift */ = {isa = PBXFileReference; lastKnownFileType = sourcecode.swift; path = "FinderActions.swift"; sourceTree = "<group>"; };
		F031C06C4A0656EE71A81105 /* IPAPackager.swift */ = {isa = PBXFileReference; lastKnownFileType = sourcecode.swift; path = "IPAPackager.swift"; sourceTree = "<group>"; };
		50B0FD409E617D56B488C3AB /* Paths.swift */ = {isa = PBXFileReference; lastKnownFileType = sourcecode.swift; path = "Paths.swift"; sourceTree = "<group>"; };
		DA99CBCB0D28A7F0F85146FD /* ProcessStreaming.swift */ = {isa = PBXFileReference; lastKnownFileType = sourcecode.swift; path = "ProcessStreaming.swift"; sourceTree = "<group>"; };
		E535699029678E548C43BEA4 /* ProjectStore.swift */ = {isa = PBXFileReference; lastKnownFileType = sourcecode.swift; path = "ProjectStore.swift"; sourceTree = "<group>"; };
		80E065391D406C09B582F222 /* SchedulerService.swift */ = {isa = PBXFileReference; lastKnownFileType = sourcecode.swift; path = "SchedulerService.swift"; sourceTree = "<group>"; };
		579BC57736951170FA7F089A /* ScriptGenerator.swift */ = {isa = PBXFileReference; lastKnownFileType = sourcecode.swift; path = "ScriptGenerator.swift"; sourceTree = "<group>"; };
		15981D3F20EF4F633C89CC98 /* SettingsStore.swift */ = {isa = PBXFileReference; lastKnownFileType = sourcecode.swift; path = "SettingsStore.swift"; sourceTree = "<group>"; };
		C17B74D63EF104DE1283F1AC /* ShellRunner.swift */ = {isa = PBXFileReference; lastKnownFileType = sourcecode.swift; path = "ShellRunner.swift"; sourceTree = "<group>"; };
		D23BB71FB90E99A48250A0D4 /* XcodeBuildService.swift */ = {isa = PBXFileReference; lastKnownFileType = sourcecode.swift; path = "XcodeBuildService.swift"; sourceTree = "<group>"; };
		78CA992061DBCA2A2068281D /* ProvisioningProfileService.swift */ = {isa = PBXFileReference; lastKnownFileType = sourcecode.swift; path = "ProvisioningProfileService.swift"; sourceTree = "<group>"; };
		37161B634C376DF4C41725A8 /* CertificateService.swift */ = {isa = PBXFileReference; lastKnownFileType = sourcecode.swift; path = "CertificateService.swift"; sourceTree = "<group>"; };
		75032ED1017BFDAFF67E2D25 /* NotificationService.swift */ = {isa = PBXFileReference; lastKnownFileType = sourcecode.swift; path = "NotificationService.swift"; sourceTree = "<group>"; };
		7D7F002C65B9C5442DB50754 /* Theme.swift */ = {isa = PBXFileReference; lastKnownFileType = sourcecode.swift; path = "Theme.swift"; sourceTree = "<group>"; };
		642FB71F1585E4794A08494E /* ContentView.swift */ = {isa = PBXFileReference; lastKnownFileType = sourcecode.swift; path = "ContentView.swift"; sourceTree = "<group>"; };
		74FE988F7B833C05D15FF0B6 /* Sidebar.swift */ = {isa = PBXFileReference; lastKnownFileType = sourcecode.swift; path = "Sidebar.swift"; sourceTree = "<group>"; };
		9E28527116B76AC782390E1B /* MenuBarMenu.swift */ = {isa = PBXFileReference; lastKnownFileType = sourcecode.swift; path = "MenuBarMenu.swift"; sourceTree = "<group>"; };
		81D74FC7400EBFFC8283EA5D /* GlassComponents.swift */ = {isa = PBXFileReference; lastKnownFileType = sourcecode.swift; path = "GlassComponents.swift"; sourceTree = "<group>"; };
		CFC86475EE53154B6460BF7B /* EmptyStateView.swift */ = {isa = PBXFileReference; lastKnownFileType = sourcecode.swift; path = "EmptyStateView.swift"; sourceTree = "<group>"; };
		4431110C4613C8CBF7D4548C /* DashboardView.swift */ = {isa = PBXFileReference; lastKnownFileType = sourcecode.swift; path = "DashboardView.swift"; sourceTree = "<group>"; };
		A480D963D2C678065335B080 /* BuildsView.swift */ = {isa = PBXFileReference; lastKnownFileType = sourcecode.swift; path = "BuildsView.swift"; sourceTree = "<group>"; };
		D78206536DE3EB1076FBAE86 /* DevicesView.swift */ = {isa = PBXFileReference; lastKnownFileType = sourcecode.swift; path = "DevicesView.swift"; sourceTree = "<group>"; };
		A7EED992BD032BA00054DA23 /* ProfilesView.swift */ = {isa = PBXFileReference; lastKnownFileType = sourcecode.swift; path = "ProfilesView.swift"; sourceTree = "<group>"; };
		02049346D6018DDBAAD0C0F7 /* CertificatesView.swift */ = {isa = PBXFileReference; lastKnownFileType = sourcecode.swift; path = "CertificatesView.swift"; sourceTree = "<group>"; };
		E029D34EF26A28A095C7CD48 /* SettingsView.swift */ = {isa = PBXFileReference; lastKnownFileType = sourcecode.swift; path = "SettingsView.swift"; sourceTree = "<group>"; };
		059627158BA319E785E128E6 /* LogsView.swift */ = {isa = PBXFileReference; lastKnownFileType = sourcecode.swift; path = "LogsView.swift"; sourceTree = "<group>"; };
		669AA9AC4DEE3AAAA5E27827 /* iOSBuildManager.app */ = {isa = PBXFileReference; explicitFileType = wrapper.application; includeInIndex = 0; path = iOSBuildManager.app; sourceTree = BUILT_PRODUCTS_DIR; };
		3FB6BD64A997C517BC11CC6E /* Info.plist */ = {isa = PBXFileReference; lastKnownFileType = text.plist.xml; path = Info.plist; sourceTree = "<group>"; };
		ED20F7D5B96A503D58430996 /* iOSBuildManager.entitlements */ = {isa = PBXFileReference; lastKnownFileType = text.plist.entitlements; path = iOSBuildManager.entitlements; sourceTree = "<group>"; };
		3CE7A150D3B4D7D9959E68D7 /* ParsingTests.swift */ = {isa = PBXFileReference; lastKnownFileType = sourcecode.swift; path = "ParsingTests.swift"; sourceTree = "<group>"; };
		C5789B4715882632149836B6 /* PackagingTests.swift */ = {isa = PBXFileReference; lastKnownFileType = sourcecode.swift; path = "PackagingTests.swift"; sourceTree = "<group>"; };
		273B7B1CB462B7CD1F66C55A /* AppModelTests.swift */ = {isa = PBXFileReference; lastKnownFileType = sourcecode.swift; path = "AppModelTests.swift"; sourceTree = "<group>"; };
		14F2CDF734D2176A35A777E3 /* iOSBuildManagerTests.xctest */ = {isa = PBXFileReference; explicitFileType = wrapper.cfbundle; includeInIndex = 0; path = iOSBuildManagerTests.xctest; sourceTree = BUILT_PRODUCTS_DIR; };
/* End PBXFileReference section */

/* Begin PBXFrameworksBuildPhase section */
		CF5BDB0BEAFE176F9629192A /* Frameworks */ = {
			isa = PBXFrameworksBuildPhase;
			buildActionMask = 2147483647;
			files = (
			);
			runOnlyForDeploymentPostprocessing = 0;
		};
		F115AF690239BFBFCB7B4DE6 /* Frameworks */ = {
			isa = PBXFrameworksBuildPhase;
			buildActionMask = 2147483647;
			files = (
			);
			runOnlyForDeploymentPostprocessing = 0;
		};
/* End PBXFrameworksBuildPhase section */

/* Begin PBXResourcesBuildPhase section */
		C02F1309AF4906C92F1EAD44 /* Resources */ = {
			isa = PBXResourcesBuildPhase;
			buildActionMask = 2147483647;
			files = (
				212946B5E0F50666F5B233E4 /* Assets.xcassets in Resources */,
			);
			runOnlyForDeploymentPostprocessing = 0;
		};
/* End PBXResourcesBuildPhase section */

/* Begin PBXSourcesBuildPhase section */
		1CDF2F71A52B082132B04DFF /* Sources */ = {
			isa = PBXSourcesBuildPhase;
			buildActionMask = 2147483647;
			files = (
				4C5657D11454819C7BD6CEA9 /* iOSBuildManagerApp.swift in Sources */,
				0E8D0B2C2B0086265C7F8F11 /* AppModel.swift in Sources */,
				9ED19A951152D7AEC18A4FFD /* AppVersion.swift in Sources */,
				CEE50AC401C510874B1D7EAF /* BuildRecord.swift in Sources */,
				D8CA8A246D161E36DDD391D2 /* BuildSettings.swift in Sources */,
				4F53EFCA8CD67E0B4A5E353F /* BuildStatus.swift in Sources */,
				A227283173A10388D3578DAE /* Project.swift in Sources */,
				BF8F89170CEC2268DF5C7A40 /* SidebarSection.swift in Sources */,
				9E9C6B706840AC9FC9B10352 /* ProvisioningProfile.swift in Sources */,
				94B128569E772000B17E1287 /* SigningIdentity.swift in Sources */,
				DBECF167E4F2815E9217A8C0 /* SigningHealth.swift in Sources */,
				FB46284B26B55FC2A51CA244 /* BuildEngine.swift in Sources */,
				A581E65C3CE000F1E9C92C21 /* BuildError.swift in Sources */,
				2218BCBEB0DEE09505EB5694 /* BuildHistoryStore.swift in Sources */,
				235F7CE6FBFD5A4E55AA67E4 /* DeviceService.swift in Sources */,
				2ABAC17016187FB50A2F5B05 /* FinderActions.swift in Sources */,
				45CC51BF2E0CD660C3D9119A /* IPAPackager.swift in Sources */,
				E7A6699FC06263FD49AFF161 /* Paths.swift in Sources */,
				AE31A13FA882C30418F63F75 /* ProcessStreaming.swift in Sources */,
				532CDE6468552C4E8592B5AF /* ProjectStore.swift in Sources */,
				82458393FEC274231C0643B4 /* SchedulerService.swift in Sources */,
				6C9AD15BB8C869DD654ABB6D /* ScriptGenerator.swift in Sources */,
				AB4F8EB3435A7E2898B428CF /* SettingsStore.swift in Sources */,
				B0F0D88795C6BC5AEF66F59D /* ShellRunner.swift in Sources */,
				C10F33E6B7EAA663A5B60769 /* XcodeBuildService.swift in Sources */,
				6448858237E34BF14312B1DB /* ProvisioningProfileService.swift in Sources */,
				D0461C8EC5A7C51E9C257007 /* CertificateService.swift in Sources */,
				63F44F5A34D0A598C4CFF673 /* NotificationService.swift in Sources */,
				7C04627AABF6E79191945884 /* Theme.swift in Sources */,
				156C6031EB87F4BFE0A9CD0F /* ContentView.swift in Sources */,
				B88531B31403C84617E9D9E8 /* Sidebar.swift in Sources */,
				89355CB891A54598611C9F68 /* MenuBarMenu.swift in Sources */,
				267B643A870D78E55A6FE876 /* GlassComponents.swift in Sources */,
				394EEDA48FE61163AC32C3D6 /* EmptyStateView.swift in Sources */,
				3AD5C0D72AF8C79B7E6EDA99 /* DashboardView.swift in Sources */,
				760B23D8C24200410BDA61E0 /* BuildsView.swift in Sources */,
				B39B75100B9C57EBAC34D134 /* DevicesView.swift in Sources */,
				7C9B51C36EEDF839656F37CD /* ProfilesView.swift in Sources */,
				1F79287543D0FF3660FBC2E4 /* CertificatesView.swift in Sources */,
				0FB1DB21397C398F33725D13 /* SettingsView.swift in Sources */,
				F5D3CC98046E985FDA699BE6 /* LogsView.swift in Sources */,
			);
			runOnlyForDeploymentPostprocessing = 0;
		};
		B6F43314D0693B2B792DAE17 /* Sources */ = {
			isa = PBXSourcesBuildPhase;
			buildActionMask = 2147483647;
			files = (
				0D4CE4F89D1E2363A0E29484 /* ParsingTests.swift in Sources */,
				3069A67AB1D6DA68FDFBB586 /* PackagingTests.swift in Sources */,
				A4F1A97B32DCF5FC9EC61CFF /* AppModelTests.swift in Sources */,
			);
			runOnlyForDeploymentPostprocessing = 0;
		};
/* End PBXSourcesBuildPhase section */

/* Begin PBXTargetDependency section */
		AC56FEA34320AF0CEBFE18E6 /* PBXTargetDependency */ = {
			isa = PBXTargetDependency;
			target = B8D79F0FFC4AB0F249EACD44 /* iOSBuildManager */;
			targetProxy = 11809352A555BC659DD7F622 /* PBXContainerItemProxy */;
		};
/* End PBXTargetDependency section */

/* Begin PBXNativeTarget section */
		B8D79F0FFC4AB0F249EACD44 /* iOSBuildManager */ = {
			isa = PBXNativeTarget;
			buildConfigurationList = D28A2B497FA98060CD1B56AC /* Build configuration list for PBXNativeTarget */;
			buildPhases = (
				1CDF2F71A52B082132B04DFF /* Sources */,
				CF5BDB0BEAFE176F9629192A /* Frameworks */,
				C02F1309AF4906C92F1EAD44 /* Resources */,
			);
			buildRules = (
			);
			dependencies = (
			);
			name = iOSBuildManager;
			productName = iOSBuildManager;
			productReference = 669AA9AC4DEE3AAAA5E27827 /* iOSBuildManager.app */;
			productType = "com.apple.product-type.application";
		};
		7EC8F98B7A265120217712DE /* iOSBuildManagerTests */ = {
			isa = PBXNativeTarget;
			buildConfigurationList = D2BE3DDC22BFECC3C59645DA /* Build configuration list for PBXNativeTarget "iOSBuildManagerTests" */;
			buildPhases = (
				B6F43314D0693B2B792DAE17 /* Sources */,
				F115AF690239BFBFCB7B4DE6 /* Frameworks */,
			);
			buildRules = (
			);
			dependencies = (
				AC56FEA34320AF0CEBFE18E6 /* PBXTargetDependency */,
			);
			name = iOSBuildManagerTests;
			productName = iOSBuildManagerTests;
			productReference = 14F2CDF734D2176A35A777E3 /* iOSBuildManagerTests.xctest */;
			productType = "com.apple.product-type.bundle.unit-test";
		};
/* End PBXNativeTarget section */

/* Begin PBXProject section */
		98F54143AB4E86B28C3AFEE0 /* Project object */ = {
			isa = PBXProject;
			attributes = {
				LastUpgradeCheck = 1500;
				TargetAttributes = {
					B8D79F0FFC4AB0F249EACD44 = {
						CreatedOnToolsVersion = 15.0;
					};
					7EC8F98B7A265120217712DE = {
						CreatedOnToolsVersion = 15.0;
						TestTargetID = B8D79F0FFC4AB0F249EACD44;
					};
				};
			};
			buildConfigurationList = 3D29D9F3A882C4202964FB56 /* Build configuration list for PBXProject */;
			compatibilityVersion = "Xcode 14.0";
			developmentRegion = en;
			hasScannedForEncodings = 0;
			knownRegions = (
				en,
				Base,
			);
			mainGroup = ADCF10F76EBF2A74473E9DC4 /* iOSBuildManager */;
			productRefGroup = 00C45FD35CB0F9C5F764F070 /* Products */;
			projectDirPath = "";
			projectRoot = "";
			targets = (
				B8D79F0FFC4AB0F249EACD44 /* iOSBuildManager */,
				7EC8F98B7A265120217712DE /* iOSBuildManagerTests */,
			);
		};
/* End PBXProject section */

/* Begin PBXGroup section */
		ADCF10F76EBF2A74473E9DC4 /* iOSBuildManager */ = {
			isa = PBXGroup;
			children = (
				6E561478C8B2EF0A22345336,
				EEFE21A1443933CA4DE017DA,
				00C45FD35CB0F9C5F764F070,
			);
			name = "iOSBuildManager"; sourceTree = "<group>";
		};
		EEFE21A1443933CA4DE017DA /* iOSBuildManagerTests */ = {
			isa = PBXGroup;
			children = (
				3CE7A150D3B4D7D9959E68D7,
				C5789B4715882632149836B6,
				273B7B1CB462B7CD1F66C55A,
			);
			name = "iOSBuildManagerTests"; path = "iOSBuildManagerTests"; sourceTree = "<group>";
		};
		6E561478C8B2EF0A22345336 /* iOSBuildManager */ = {
			isa = PBXGroup;
			children = (
				FD59264296E7E162486B3F43,
				3FB6BD64A997C517BC11CC6E,
				ED20F7D5B96A503D58430996,
				DA72ECFC2D5172368F730628,
				79F17DD26497FA85CC79757A,
				38A513C15A28195BE86D7111,
				704360C5D39C21B299673A60,
				EF4A6D4FA5407EB213FA70C1,
				DBD95F9FE78D305382F519F8,
			);
			name = "iOSBuildManager"; path = "iOSBuildManager"; sourceTree = "<group>";
		};
		DA72ECFC2D5172368F730628 /* Resources */ = {
			isa = PBXGroup;
			children = (
				75BF13ED91CA0F736C14DA83,
			);
			name = "Resources"; path = "Resources"; sourceTree = "<group>";
		};
		79F17DD26497FA85CC79757A /* App */ = {
			isa = PBXGroup;
			children = (
				8F3D4C0BFECB4B77E08A7345,
			);
			name = "App"; path = "App"; sourceTree = "<group>";
		};
		38A513C15A28195BE86D7111 /* Models */ = {
			isa = PBXGroup;
			children = (
				14D59F0E2131F76466143DB6,
				26794A2671D54A555581BF94,
				DEDAD1E88E3437B315EED7B0,
				A30C0477C620721D392B8D95,
				304F14B46A3D74F102FBFCAB,
				53764E473C677FDB8BBD4215,
				B48BE54CA57D4CCCC8FCD3E5,
				0E6A9D397D702B334CEBA538,
				0CE24DD0449951FCA5D06E50,
			);
			name = "Models"; path = "Models"; sourceTree = "<group>";
		};
		704360C5D39C21B299673A60 /* Services */ = {
			isa = PBXGroup;
			children = (
				666B997F3C20C9E8474DFD40,
				F80D703D9D52AAF6DF4ECB78,
				796A3FDB54DF8B50F96E4F99,
				57ED8409E23A56A50C86A96E,
				B84905A53F1CC4D029768043,
				F031C06C4A0656EE71A81105,
				50B0FD409E617D56B488C3AB,
				DA99CBCB0D28A7F0F85146FD,
				E535699029678E548C43BEA4,
				80E065391D406C09B582F222,
				579BC57736951170FA7F089A,
				15981D3F20EF4F633C89CC98,
				C17B74D63EF104DE1283F1AC,
				D23BB71FB90E99A48250A0D4,
				78CA992061DBCA2A2068281D,
				37161B634C376DF4C41725A8,
				75032ED1017BFDAFF67E2D25,
			);
			name = "Services"; path = "Services"; sourceTree = "<group>";
		};
		EF4A6D4FA5407EB213FA70C1 /* Theme */ = {
			isa = PBXGroup;
			children = (
				7D7F002C65B9C5442DB50754,
			);
			name = "Theme"; path = "Theme"; sourceTree = "<group>";
		};
		DBD95F9FE78D305382F519F8 /* Views */ = {
			isa = PBXGroup;
			children = (
				642FB71F1585E4794A08494E,
				74FE988F7B833C05D15FF0B6,
				9E28527116B76AC782390E1B,
				5504FE5F7F8E8C22037D9C20,
				2A2EAABA34039E93E5CB1772,
				18CF2C5EAD2E971C82E796B7,
				529B27969F85C5F356BDB9D4,
				59D90202E6AE672D2989D3B1,
				B0E7B948234E1BFA3FC3FAF6,
				49C38B207B884C5E5F284C71,
				76D40EFFFA582ED84DC70BC3,
			);
			name = "Views"; path = "Views"; sourceTree = "<group>";
		};
		5504FE5F7F8E8C22037D9C20 /* Components */ = {
			isa = PBXGroup;
			children = (
				81D74FC7400EBFFC8283EA5D,
				CFC86475EE53154B6460BF7B,
			);
			name = "Components"; path = "Components"; sourceTree = "<group>";
		};
		2A2EAABA34039E93E5CB1772 /* Dashboard */ = {
			isa = PBXGroup;
			children = (
				4431110C4613C8CBF7D4548C,
			);
			name = "Dashboard"; path = "Dashboard"; sourceTree = "<group>";
		};
		18CF2C5EAD2E971C82E796B7 /* Builds */ = {
			isa = PBXGroup;
			children = (
				A480D963D2C678065335B080,
			);
			name = "Builds"; path = "Builds"; sourceTree = "<group>";
		};
		529B27969F85C5F356BDB9D4 /* Devices */ = {
			isa = PBXGroup;
			children = (
				D78206536DE3EB1076FBAE86,
			);
			name = "Devices"; path = "Devices"; sourceTree = "<group>";
		};
		59D90202E6AE672D2989D3B1 /* Profiles */ = {
			isa = PBXGroup;
			children = (
				A7EED992BD032BA00054DA23,
			);
			name = "Profiles"; path = "Profiles"; sourceTree = "<group>";
		};
		B0E7B948234E1BFA3FC3FAF6 /* Certificates */ = {
			isa = PBXGroup;
			children = (
				02049346D6018DDBAAD0C0F7,
			);
			name = "Certificates"; path = "Certificates"; sourceTree = "<group>";
		};
		49C38B207B884C5E5F284C71 /* Settings */ = {
			isa = PBXGroup;
			children = (
				E029D34EF26A28A095C7CD48,
			);
			name = "Settings"; path = "Settings"; sourceTree = "<group>";
		};
		76D40EFFFA582ED84DC70BC3 /* Logs */ = {
			isa = PBXGroup;
			children = (
				059627158BA319E785E128E6,
			);
			name = "Logs"; path = "Logs"; sourceTree = "<group>";
		};
		00C45FD35CB0F9C5F764F070 /* Products */ = {
			isa = PBXGroup;
			children = (
				669AA9AC4DEE3AAAA5E27827,
				14F2CDF734D2176A35A777E3,
			);
			name = "Products"; sourceTree = "<group>";
		};
/* End PBXGroup section */

/* Begin XCBuildConfiguration section */
		E3EBCBBFB33611052F1F254E /* Project Debug */ = {
			isa = XCBuildConfiguration;
			buildSettings = {
				ALWAYS_SEARCH_USER_PATHS = NO;
				CLANG_ANALYZER_NONNULL = YES;
				CLANG_ANALYZER_NUMBER_OBJECT_CONVERSION = YES_AGGRESSIVE;
				CLANG_C_LANGUAGE_STANDARD = gnu17;
				CLANG_ENABLE_MODULES = YES;
				CLANG_ENABLE_OBJC_ARC = YES;
				CLANG_ENABLE_OBJC_WEAK = YES;
				CLANG_WARN_BLOCK_CAPTURE_AUTORELEASING = YES;
				CLANG_WARN_BOOL_CONVERSION = YES;
				CLANG_WARN_COMMA = YES;
				CLANG_WARN_CONSTANT_CONVERSION = YES;
				CLANG_WARN_DEPRECATED_OBJC_IMPLEMENTATIONS = YES;
				CLANG_WARN_DIRECT_OBJC_ISA_USAGE = YES_ERROR;
				CLANG_WARN_DOCUMENTATION_COMMENTS = YES;
				CLANG_WARN_EMPTY_BODY = YES;
				CLANG_WARN_ENUM_CONVERSION = YES;
				CLANG_WARN_INFINITE_RECURSION = YES;
				CLANG_WARN_INT_CONVERSION = YES;
				CLANG_WARN_NON_LITERAL_NULL_CONVERSION = YES;
				CLANG_WARN_OBJC_IMPLICIT_RETAIN_SELF = YES;
				CLANG_WARN_OBJC_LITERAL_CONVERSION = YES;
				CLANG_WARN_OBJC_ROOT_CLASS = YES_ERROR;
				CLANG_WARN_QUOTED_INCLUDE_IN_FRAMEWORK_HEADERS = YES;
				CLANG_WARN_RANGE_LOOP_ANALYSIS = YES;
				CLANG_WARN_STRICT_PROTOTYPES = YES;
				CLANG_WARN_SUSPICIOUS_MOVE = YES;
				CLANG_WARN_UNGUARDED_AVAILABILITY = YES_AGGRESSIVE;
				CLANG_WARN_UNREACHABLE_CODE = YES;
				CLANG_WARN__DUPLICATE_METHOD_MATCH = YES;
				COPY_PHASE_STRIP = NO;
				DEAD_CODE_STRIPPING = YES;
				DEBUG_INFORMATION_FORMAT = "dwarf-with-dsym";
				ENABLE_STRICT_OBJC_MSGSEND = YES;
				ENABLE_TESTABILITY = YES;
				ENABLE_USER_SCRIPT_SANDBOXING = NO;
				GCC_C_LANGUAGE_STANDARD = gnu17;
				GCC_NO_COMMON_BLOCKS = YES;
				GCC_WARN_64_TO_32_BIT_CONVERSION = YES;
				GCC_WARN_ABOUT_RETURN_TYPE = YES_ERROR;
				GCC_WARN_UNDECLARED_SELECTOR = YES;
				GCC_WARN_UNINITIALIZED_AUTOS = YES_AGGRESSIVE;
				GCC_WARN_UNUSED_FUNCTION = YES;
				GCC_WARN_UNUSED_VARIABLE = YES;
				MACOSX_DEPLOYMENT_TARGET = 13.0;
				MTL_ENABLE_DEBUG_INFO = INCLUDE_SOURCE;
				MTL_FAST_MATH = YES;
				ONLY_ACTIVE_ARCH = YES;
				SDKROOT = macosx;
				SWIFT_ACTIVE_COMPILATION_CONDITIONS = "";
				SWIFT_OPTIMIZATION_LEVEL = "-Onone";
				SWIFT_VERSION = 6.0;
			};
			name = Debug;
		};
		45A51FDE45C8C9313F9CC216 /* Project Release */ = {
			isa = XCBuildConfiguration;
			buildSettings = {
				ALWAYS_SEARCH_USER_PATHS = NO;
				CLANG_ANALYZER_NONNULL = YES;
				CLANG_ANALYZER_NUMBER_OBJECT_CONVERSION = YES_AGGRESSIVE;
				CLANG_C_LANGUAGE_STANDARD = gnu17;
				CLANG_ENABLE_MODULES = YES;
				CLANG_ENABLE_OBJC_ARC = YES;
				CLANG_ENABLE_OBJC_WEAK = YES;
				CLANG_WARN_BLOCK_CAPTURE_AUTORELEASING = YES;
				CLANG_WARN_BOOL_CONVERSION = YES;
				CLANG_WARN_COMMA = YES;
				CLANG_WARN_CONSTANT_CONVERSION = YES;
				CLANG_WARN_DEPRECATED_OBJC_IMPLEMENTATIONS = YES;
				CLANG_WARN_DIRECT_OBJC_ISA_USAGE = YES_ERROR;
				CLANG_WARN_DOCUMENTATION_COMMENTS = YES;
				CLANG_WARN_EMPTY_BODY = YES;
				CLANG_WARN_ENUM_CONVERSION = YES;
				CLANG_WARN_INFINITE_RECURSION = YES;
				CLANG_WARN_INT_CONVERSION = YES;
				CLANG_WARN_NON_LITERAL_NULL_CONVERSION = YES;
				CLANG_WARN_OBJC_IMPLICIT_RETAIN_SELF = YES;
				CLANG_WARN_OBJC_LITERAL_CONVERSION = YES;
				CLANG_WARN_OBJC_ROOT_CLASS = YES_ERROR;
				CLANG_WARN_QUOTED_INCLUDE_IN_FRAMEWORK_HEADERS = YES;
				CLANG_WARN_RANGE_LOOP_ANALYSIS = YES;
				CLANG_WARN_STRICT_PROTOTYPES = YES;
				CLANG_WARN_SUSPICIOUS_MOVE = YES;
				CLANG_WARN_UNGUARDED_AVAILABILITY = YES_AGGRESSIVE;
				CLANG_WARN_UNREACHABLE_CODE = YES;
				CLANG_WARN__DUPLICATE_METHOD_MATCH = YES;
				COPY_PHASE_STRIP = NO;
				DEAD_CODE_STRIPPING = YES;
				DEBUG_INFORMATION_FORMAT = dwarf;
				ENABLE_STRICT_OBJC_MSGSEND = YES;
				ENABLE_TESTABILITY = NO;
				ENABLE_USER_SCRIPT_SANDBOXING = NO;
				GCC_C_LANGUAGE_STANDARD = gnu17;
				GCC_NO_COMMON_BLOCKS = YES;
				GCC_WARN_64_TO_32_BIT_CONVERSION = YES;
				GCC_WARN_ABOUT_RETURN_TYPE = YES_ERROR;
				GCC_WARN_UNDECLARED_SELECTOR = YES;
				GCC_WARN_UNINITIALIZED_AUTOS = YES_AGGRESSIVE;
				GCC_WARN_UNUSED_FUNCTION = YES;
				GCC_WARN_UNUSED_VARIABLE = YES;
				MACOSX_DEPLOYMENT_TARGET = 13.0;
				MTL_ENABLE_DEBUG_INFO = INCLUDE_SOURCE;
				MTL_FAST_MATH = YES;
				ONLY_ACTIVE_ARCH = NO;
				SDKROOT = macosx;
				SWIFT_ACTIVE_COMPILATION_CONDITIONS = "";
				SWIFT_OPTIMIZATION_LEVEL = "-O";
				SWIFT_VERSION = 6.0;
			};
			name = Release;
		};
		9586E89FBE346731A8FAC1E8 /* Target Debug */ = {
			isa = XCBuildConfiguration;
			buildSettings = {
				ASSETCATALOG_COMPILER_APPICON_NAME = AppIcon;
				ASSETCATALOG_COMPILER_GLOBAL_ACCENT_COLOR_NAME = AccentColor;
				CODE_SIGN_ENTITLEMENTS = iOSBuildManager/iOSBuildManager.entitlements;
				CODE_SIGN_IDENTITY = "-";
				CODE_SIGN_STYLE = Automatic;
				COMBINE_HIDPI_IMAGES = YES;
				ENABLE_APP_SANDBOX = NO;
				ENABLE_HARDENED_RUNTIME = YES;
				ENABLE_PREVIEWS = YES;
				GENERATE_INFOPLIST_FILE = NO;
				INFOPLIST_FILE = iOSBuildManager/Info.plist;
				INFOPLIST_KEY_LS_APPLICATION_CATEGORY_TYPE = "public.app-category.developer-tools";
				INFOPLIST_KEY_NSHumanReadableCopyright = "Local-only developer tool. No analytics, no tracking.";
				LD_RUNPATH_SEARCH_PATHS = "$(inherited) @executable_path/../Frameworks";
				MARKETING_VERSION = 1.0.0;
				PRODUCT_BUNDLE_IDENTIFIER = com.rontop.iOSBuildManager;
				PRODUCT_NAME = "$(TARGET_NAME)";
				SWIFT_EMIT_LOC_STRINGS = YES;
				SWIFT_VERSION = 6.0;
				CURRENT_PROJECT_VERSION = 1;
				SWIFT_ACTIVE_COMPILATION_CONDITIONS = DEBUG;
				SWIFT_OPTIMIZATION_LEVEL = "-Onone";
				ONLY_ACTIVE_ARCH = YES;
				ENABLE_TESTABILITY = YES;
			};
			name = Debug;
		};
		C08309BB1D0C93C4165F9DF3 /* Target Release */ = {
			isa = XCBuildConfiguration;
			buildSettings = {
				ASSETCATALOG_COMPILER_APPICON_NAME = AppIcon;
				ASSETCATALOG_COMPILER_GLOBAL_ACCENT_COLOR_NAME = AccentColor;
				CODE_SIGN_ENTITLEMENTS = iOSBuildManager/iOSBuildManager.entitlements;
				CODE_SIGN_IDENTITY = "-";
				CODE_SIGN_STYLE = Automatic;
				COMBINE_HIDPI_IMAGES = YES;
				ENABLE_APP_SANDBOX = NO;
				ENABLE_HARDENED_RUNTIME = YES;
				ENABLE_PREVIEWS = YES;
				GENERATE_INFOPLIST_FILE = NO;
				INFOPLIST_FILE = iOSBuildManager/Info.plist;
				INFOPLIST_KEY_LS_APPLICATION_CATEGORY_TYPE = "public.app-category.developer-tools";
				INFOPLIST_KEY_NSHumanReadableCopyright = "Local-only developer tool. No analytics, no tracking.";
				LD_RUNPATH_SEARCH_PATHS = "$(inherited) @executable_path/../Frameworks";
				MARKETING_VERSION = 1.0.0;
				PRODUCT_BUNDLE_IDENTIFIER = com.rontop.iOSBuildManager;
				PRODUCT_NAME = "$(TARGET_NAME)";
				SWIFT_EMIT_LOC_STRINGS = YES;
				SWIFT_VERSION = 6.0;
				CURRENT_PROJECT_VERSION = 1;
				SWIFT_OPTIMIZATION_LEVEL = "-O";
				ENABLE_TESTABILITY = NO;
				DEBUG_INFORMATION_FORMAT = dwarf;
			};
			name = Release;
		};
		AAC481A5D9FF5736BACF4060 /* Tests Debug */ = {
			isa = XCBuildConfiguration;
			buildSettings = {
				BUNDLE_LOADER = "$(TEST_HOST)";
				CODE_SIGN_IDENTITY = "-";
				CODE_SIGN_STYLE = Automatic;
				CURRENT_PROJECT_VERSION = 1;
				GENERATE_INFOPLIST_FILE = YES;
				MACOSX_DEPLOYMENT_TARGET = 13.0;
				MARKETING_VERSION = 1.0.0;
				PRODUCT_BUNDLE_IDENTIFIER = com.rontop.iOSBuildManagerTests;
				PRODUCT_NAME = "$(TARGET_NAME)";
				SWIFT_EMIT_LOC_STRINGS = NO;
				SWIFT_VERSION = 6.0;
				TEST_HOST = "$(BUILT_PRODUCTS_DIR)/iOSBuildManager.app/Contents/MacOS/iOSBuildManager";
				SWIFT_ACTIVE_COMPILATION_CONDITIONS = DEBUG;
				ONLY_ACTIVE_ARCH = YES;
			};
			name = Debug;
		};
		1C8D1750B636EF2A6AE91BF6 /* Tests Release */ = {
			isa = XCBuildConfiguration;
			buildSettings = {
				BUNDLE_LOADER = "$(TEST_HOST)";
				CODE_SIGN_IDENTITY = "-";
				CODE_SIGN_STYLE = Automatic;
				CURRENT_PROJECT_VERSION = 1;
				GENERATE_INFOPLIST_FILE = YES;
				MACOSX_DEPLOYMENT_TARGET = 13.0;
				MARKETING_VERSION = 1.0.0;
				PRODUCT_BUNDLE_IDENTIFIER = com.rontop.iOSBuildManagerTests;
				PRODUCT_NAME = "$(TARGET_NAME)";
				SWIFT_EMIT_LOC_STRINGS = NO;
				SWIFT_VERSION = 6.0;
				TEST_HOST = "$(BUILT_PRODUCTS_DIR)/iOSBuildManager.app/Contents/MacOS/iOSBuildManager";
			};
			name = Release;
		};
/* End XCBuildConfiguration section */

/* Begin XCConfigurationList section */
		3D29D9F3A882C4202964FB56 /* Build configuration list for PBXProject */ = {
			isa = XCConfigurationList;
			buildConfigurations = (
				E3EBCBBFB33611052F1F254E /* Project Debug */,
				45A51FDE45C8C9313F9CC216 /* Project Release */,
			);
			defaultConfigurationIsVisible = 0;
			defaultConfigurationName = Release;
		};
		D28A2B497FA98060CD1B56AC /* Build configuration list for PBXNativeTarget */ = {
			isa = XCConfigurationList;
			buildConfigurations = (
				9586E89FBE346731A8FAC1E8 /* Target Debug */,
				C08309BB1D0C93C4165F9DF3 /* Target Release */,
			);
			defaultConfigurationIsVisible = 0;
			defaultConfigurationName = Release;
		};
		D2BE3DDC22BFECC3C59645DA /* Build configuration list for PBXNativeTarget "iOSBuildManagerTests" */ = {
			isa = XCConfigurationList;
			buildConfigurations = (
				AAC481A5D9FF5736BACF4060 /* Tests Debug */,
				1C8D1750B636EF2A6AE91BF6 /* Tests Release */,
			);
			defaultConfigurationIsVisible = 0;
			defaultConfigurationName = Release;
		};
/* End XCConfigurationList section */
	};
	rootObject = 98F54143AB4E86B28C3AFEE0 /* Project object */;
}
